{
  "originHash" : "91e747c1a940d4e5cf1ed5a813881fbc18a0b3d7a11a275d269a12b816f54d37",
  "pins" : [
    {
      "identity" : "agerangekit",
      "kind" : "remoteSourceControl",
      "location" : "https://github.com/muthuselvamlms/AgeRangeKit.git",
      "state" : {
        "revision" : "cd82767c9bbb6f7f4d492e1372eb9f42eb177219",
        "version" : "0.0.6"
      }
    }
  ],
  "version" : 3
}
